
Microsoft Visual Studio Solution File, Format Version 12.00
# Visual Studio Version 16
VisualStudioVersion = 16.0.31025.194
MinimumVisualStudioVersion = 10.0.40219.1
Project("{FAE04EC0-301F-11D3-BF4B-00C04F79EFBC}") = "izvp_events", "izvp_events\izvp_events.csproj", "{854B29B4-54E6-4623-957E-E6365C465938}"
EndProject
Global
	GlobalSection(SolutionConfigurationPlatforms) = preSolution
		Debug|Any CPU = Debug|Any CPU
		Release|Any CPU = Release|Any CPU
	EndGlobalSection
	GlobalSection(ProjectConfigurationPlatforms) = postSolution
		{854B29B4-54E6-4623-957E-E6365C465938}.Debug|Any CPU.ActiveCfg = Debug|Any CPU
		{854B29B4-54E6-4623-957E-E6365C465938}.Debug|Any CPU.Build.0 = Debug|Any CPU
		{854B29B4-54E6-4623-957E-E6365C465938}.Release|Any CPU.ActiveCfg = Release|Any CPU
		{854B29B4-54E6-4623-957E-E6365C465938}.Release|Any CPU.Build.0 = Release|Any CPU
	EndGlobalSection
	GlobalSection(SolutionProperties) = preSolution
		HideSolutionNode = FALSE
	EndGlobalSection
	GlobalSection(ExtensibilityGlobals) = postSolution
		SolutionGuid = {7BB7A6DB-89A1-4492-BC1F-036D754A78AB}
	EndGlobalSection
EndGlobal
